
Microsoft Visual Studio Solution File, Format Version 12.00
# Visual Studio 15
VisualStudioVersion = 15.0.28307.960
MinimumVisualStudioVersion = 10.0.40219.1
Project("{FAE04EC0-301F-11D3-BF4B-00C04F79EFBC}") = "BinaryTreeSearch", "BinaryTreeSearch\BinaryTreeSearch.csproj", "{088F215B-C291-47C5-8367-77CBADAFB842}"
EndProject
Project("{FAE04EC0-301F-11D3-BF4B-00C04F79EFBC}") = "BinaryTreeSearchTests", "BinaryTreeSearchTests\BinaryTreeSearchTests.csproj", "{6D3BBD2F-BDD7-47D9-92CF-CD1EBC4DBD80}"
EndProject
Global
	GlobalSection(SolutionConfigurationPlatforms) = preSolution
		Debug|Any CPU = Debug|Any CPU
		Release|Any CPU = Release|Any CPU
	EndGlobalSection
	GlobalSection(ProjectConfigurationPlatforms) = postSolution
		{088F215B-C291-47C5-8367-77CBADAFB842}.Debug|Any CPU.ActiveCfg = Debug|Any CPU
		{088F215B-C291-47C5-8367-77CBADAFB842}.Debug|Any CPU.Build.0 = Debug|Any CPU
		{088F215B-C291-47C5-8367-77CBADAFB842}.Release|Any CPU.ActiveCfg = Release|Any CPU
		{088F215B-C291-47C5-8367-77CBADAFB842}.Release|Any CPU.Build.0 = Release|Any CPU
		{6D3BBD2F-BDD7-47D9-92CF-CD1EBC4DBD80}.Debug|Any CPU.ActiveCfg = Debug|Any CPU
		{6D3BBD2F-BDD7-47D9-92CF-CD1EBC4DBD80}.Debug|Any CPU.Build.0 = Debug|Any CPU
		{6D3BBD2F-BDD7-47D9-92CF-CD1EBC4DBD80}.Release|Any CPU.ActiveCfg = Release|Any CPU
		{6D3BBD2F-BDD7-47D9-92CF-CD1EBC4DBD80}.Release|Any CPU.Build.0 = Release|Any CPU
	EndGlobalSection
	GlobalSection(SolutionProperties) = preSolution
		HideSolutionNode = FALSE
	EndGlobalSection
	GlobalSection(ExtensibilityGlobals) = postSolution
		SolutionGuid = {C63A8DA6-C027-4FDC-8866-E396CAF8A963}
	EndGlobalSection
EndGlobal
